
Microsoft Visual Studio Solution File, Format Version 12.00
# Visual Studio Version 17
VisualStudioVersion = 17.4.33110.190
MinimumVisualStudioVersion = 10.0.40219.1
Project("{00D1A9C2-B5F0-4AF3-8072-F6C62B433612}") = "AMAPDatabase", "AMAPDatabase.sqlproj", "{6380B0DC-3728-4BAC-A94B-171BDB48153B}"
EndProject
Global
	GlobalSection(SolutionConfigurationPlatforms) = preSolution
		Debug|Any CPU = Debug|Any CPU
		Release|Any CPU = Release|Any CPU
	EndGlobalSection
	GlobalSection(ProjectConfigurationPlatforms) = postSolution
		{6380B0DC-3728-4BAC-A94B-171BDB48153B}.Debug|Any CPU.ActiveCfg = Debug|Any CPU
		{6380B0DC-3728-4BAC-A94B-171BDB48153B}.Debug|Any CPU.Build.0 = Debug|Any CPU
		{6380B0DC-3728-4BAC-A94B-171BDB48153B}.Debug|Any CPU.Deploy.0 = Debug|Any CPU
		{6380B0DC-3728-4BAC-A94B-171BDB48153B}.Release|Any CPU.ActiveCfg = Release|Any CPU
		{6380B0DC-3728-4BAC-A94B-171BDB48153B}.Release|Any CPU.Build.0 = Release|Any CPU
		{6380B0DC-3728-4BAC-A94B-171BDB48153B}.Release|Any CPU.Deploy.0 = Release|Any CPU
	EndGlobalSection
	GlobalSection(SolutionProperties) = preSolution
		HideSolutionNode = FALSE
	EndGlobalSection
	GlobalSection(ExtensibilityGlobals) = postSolution
		SolutionGuid = {240207CF-0017-4537-AD39-23D5FEC8A7A2}
	EndGlobalSection
EndGlobal
